
Microsoft Visual Studio Solution File, Format Version 12.00
# Visual Studio Version 17
VisualStudioVersion = 17.9.34622.214
MinimumVisualStudioVersion = 10.0.40219.1
Project("{9A19103F-16F7-4668-BE54-9A1E7A4F7556}") = "Lab0", "Lab0\Lab0.csproj", "{E3514018-CA35-4CD2-9CFA-5B730A8829B4}"
EndProject
Project("{9A19103F-16F7-4668-BE54-9A1E7A4F7556}") = "Lab1", "Lab1\Lab1.csproj", "{A47C5DAB-F4BE-4A40-801E-1E9A5174539C}"
EndProject
Project("{9A19103F-16F7-4668-BE54-9A1E7A4F7556}") = "Lab1_Test", "Lab1_Test\Lab1_Test.csproj", "{4C938BE4-C893-401D-BFFF-2120ACBCEC7C}"
EndProject
Project("{9A19103F-16F7-4668-BE54-9A1E7A4F7556}") = "Lab1_GUI", "Lab1_GUI\Lab1_GUI.csproj", "{BD915517-F17E-439B-B926-326471E79F49}"
EndProject
Project("{9A19103F-16F7-4668-BE54-9A1E7A4F7556}") = "Lab2_NASA", "Lab2_NASA\Lab2_NASA.csproj", "{2804063C-DC3E-4A4F-A47E-750F3B68FA41}"
EndProject
Project("{9A19103F-16F7-4668-BE54-9A1E7A4F7556}") = "Lab3", "Lab3\Lab3.csproj", "{F6D9F318-43C3-4F60-959A-227156EA8197}"
EndProject
Project("{9A19103F-16F7-4668-BE54-9A1E7A4F7556}") = "Lab3_GUI", "Lab3_GUI\Lab3_GUI.csproj", "{9C8CC817-9C33-42B9-B76A-5AB455E5FFE0}"
EndProject
Project("{FAE04EC0-301F-11D3-BF4B-00C04F79EFBC}") = "Lab4", "Lab4\Lab4.csproj", "{F5498295-16DF-4A33-8E26-377571CFC2D2}"
EndProject
Global
	GlobalSection(SolutionConfigurationPlatforms) = preSolution
		Debug|Any CPU = Debug|Any CPU
		Release|Any CPU = Release|Any CPU
	EndGlobalSection
	GlobalSection(ProjectConfigurationPlatforms) = postSolution
		{E3514018-CA35-4CD2-9CFA-5B730A8829B4}.Debug|Any CPU.ActiveCfg = Debug|Any CPU
		{E3514018-CA35-4CD2-9CFA-5B730A8829B4}.Debug|Any CPU.Build.0 = Debug|Any CPU
		{E3514018-CA35-4CD2-9CFA-5B730A8829B4}.Release|Any CPU.ActiveCfg = Release|Any CPU
		{E3514018-CA35-4CD2-9CFA-5B730A8829B4}.Release|Any CPU.Build.0 = Release|Any CPU
		{A47C5DAB-F4BE-4A40-801E-1E9A5174539C}.Debug|Any CPU.ActiveCfg = Debug|Any CPU
		{A47C5DAB-F4BE-4A40-801E-1E9A5174539C}.Debug|Any CPU.Build.0 = Debug|Any CPU
		{A47C5DAB-F4BE-4A40-801E-1E9A5174539C}.Release|Any CPU.ActiveCfg = Release|Any CPU
		{A47C5DAB-F4BE-4A40-801E-1E9A5174539C}.Release|Any CPU.Build.0 = Release|Any CPU
		{4C938BE4-C893-401D-BFFF-2120ACBCEC7C}.Debug|Any CPU.ActiveCfg = Debug|Any CPU
		{4C938BE4-C893-401D-BFFF-2120ACBCEC7C}.Debug|Any CPU.Build.0 = Debug|Any CPU
		{4C938BE4-C893-401D-BFFF-2120ACBCEC7C}.Release|Any CPU.ActiveCfg = Release|Any CPU
		{4C938BE4-C893-401D-BFFF-2120ACBCEC7C}.Release|Any CPU.Build.0 = Release|Any CPU
		{BD915517-F17E-439B-B926-326471E79F49}.Debug|Any CPU.ActiveCfg = Debug|Any CPU
		{BD915517-F17E-439B-B926-326471E79F49}.Debug|Any CPU.Build.0 = Debug|Any CPU
		{BD915517-F17E-439B-B926-326471E79F49}.Release|Any CPU.ActiveCfg = Release|Any CPU
		{BD915517-F17E-439B-B926-326471E79F49}.Release|Any CPU.Build.0 = Release|Any CPU
		{2804063C-DC3E-4A4F-A47E-750F3B68FA41}.Debug|Any CPU.ActiveCfg = Debug|Any CPU
		{2804063C-DC3E-4A4F-A47E-750F3B68FA41}.Debug|Any CPU.Build.0 = Debug|Any CPU
		{2804063C-DC3E-4A4F-A47E-750F3B68FA41}.Release|Any CPU.ActiveCfg = Release|Any CPU
		{2804063C-DC3E-4A4F-A47E-750F3B68FA41}.Release|Any CPU.Build.0 = Release|Any CPU
		{F6D9F318-43C3-4F60-959A-227156EA8197}.Debug|Any CPU.ActiveCfg = Debug|Any CPU
		{F6D9F318-43C3-4F60-959A-227156EA8197}.Debug|Any CPU.Build.0 = Debug|Any CPU
		{F6D9F318-43C3-4F60-959A-227156EA8197}.Release|Any CPU.ActiveCfg = Release|Any CPU
		{F6D9F318-43C3-4F60-959A-227156EA8197}.Release|Any CPU.Build.0 = Release|Any CPU
		{9C8CC817-9C33-42B9-B76A-5AB455E5FFE0}.Debug|Any CPU.ActiveCfg = Debug|Any CPU
		{9C8CC817-9C33-42B9-B76A-5AB455E5FFE0}.Debug|Any CPU.Build.0 = Debug|Any CPU
		{9C8CC817-9C33-42B9-B76A-5AB455E5FFE0}.Release|Any CPU.ActiveCfg = Release|Any CPU
		{9C8CC817-9C33-42B9-B76A-5AB455E5FFE0}.Release|Any CPU.Build.0 = Release|Any CPU
		{F5498295-16DF-4A33-8E26-377571CFC2D2}.Debug|Any CPU.ActiveCfg = Debug|Any CPU
		{F5498295-16DF-4A33-8E26-377571CFC2D2}.Debug|Any CPU.Build.0 = Debug|Any CPU
		{F5498295-16DF-4A33-8E26-377571CFC2D2}.Release|Any CPU.ActiveCfg = Release|Any CPU
		{F5498295-16DF-4A33-8E26-377571CFC2D2}.Release|Any CPU.Build.0 = Release|Any CPU
	EndGlobalSection
	GlobalSection(SolutionProperties) = preSolution
		HideSolutionNode = FALSE
	EndGlobalSection
	GlobalSection(ExtensibilityGlobals) = postSolution
		SolutionGuid = {62CF3331-FF59-4AD6-84CC-7E38C4DAA4A2}
	EndGlobalSection
EndGlobal
